
Microsoft Visual Studio Solution File, Format Version 12.00
# Visual Studio Version 17
VisualStudioVersion = 17.3.32811.315
MinimumVisualStudioVersion = 10.0.40219.1
Project("{FAE04EC0-301F-11D3-BF4B-00C04F79EFBC}") = "joy.Datecalculator", "joy.Datecalculator\joy.Datecalculator.csproj", "{5EF71B9F-CF21-439E-A049-EC9A45882D24}"
EndProject
Global
	GlobalSection(SolutionConfigurationPlatforms) = preSolution
		Debug|Any CPU = Debug|Any CPU
		Release|Any CPU = Release|Any CPU
	EndGlobalSection
	GlobalSection(ProjectConfigurationPlatforms) = postSolution
		{5EF71B9F-CF21-439E-A049-EC9A45882D24}.Debug|Any CPU.ActiveCfg = Debug|Any CPU
		{5EF71B9F-CF21-439E-A049-EC9A45882D24}.Debug|Any CPU.Build.0 = Debug|Any CPU
		{5EF71B9F-CF21-439E-A049-EC9A45882D24}.Release|Any CPU.ActiveCfg = Release|Any CPU
		{5EF71B9F-CF21-439E-A049-EC9A45882D24}.Release|Any CPU.Build.0 = Release|Any CPU
	EndGlobalSection
	GlobalSection(SolutionProperties) = preSolution
		HideSolutionNode = FALSE
	EndGlobalSection
	GlobalSection(ExtensibilityGlobals) = postSolution
		SolutionGuid = {8EF3B239-AADE-4B38-9F16-E583C8A362A6}
	EndGlobalSection
EndGlobal
